
Microsoft Visual Studio Solution File, Format Version 12.00
# Visual Studio 15
VisualStudioVersion = 15.0.28010.2019
MinimumVisualStudioVersion = 10.0.40219.1
Project("{00D1A9C2-B5F0-4AF3-8072-F6C62B433612}") = "MediaRaterDB", "MediaRaterDB\MediaRaterDB.sqlproj", "{AE8BA5E9-C724-40B2-AFF9-50E2248061CC}"
EndProject
Global
	GlobalSection(SolutionConfigurationPlatforms) = preSolution
		Debug|Any CPU = Debug|Any CPU
		Release|Any CPU = Release|Any CPU
	EndGlobalSection
	GlobalSection(ProjectConfigurationPlatforms) = postSolution
		{AE8BA5E9-C724-40B2-AFF9-50E2248061CC}.Debug|Any CPU.ActiveCfg = Debug|Any CPU
		{AE8BA5E9-C724-40B2-AFF9-50E2248061CC}.Debug|Any CPU.Build.0 = Debug|Any CPU
		{AE8BA5E9-C724-40B2-AFF9-50E2248061CC}.Debug|Any CPU.Deploy.0 = Debug|Any CPU
		{AE8BA5E9-C724-40B2-AFF9-50E2248061CC}.Release|Any CPU.ActiveCfg = Release|Any CPU
		{AE8BA5E9-C724-40B2-AFF9-50E2248061CC}.Release|Any CPU.Build.0 = Release|Any CPU
		{AE8BA5E9-C724-40B2-AFF9-50E2248061CC}.Release|Any CPU.Deploy.0 = Release|Any CPU
	EndGlobalSection
	GlobalSection(SolutionProperties) = preSolution
		HideSolutionNode = FALSE
	EndGlobalSection
	GlobalSection(ExtensibilityGlobals) = postSolution
		SolutionGuid = {6B49925B-7089-4F8B-8E47-EAAF11365E45}
	EndGlobalSection
EndGlobal
